// !$*UTF8*$!
{
	archiveVersion = 1;
	classes = {
	};
	objectVersion = 77;
	objects = {

/* Begin PBXBuildFile section */
		1C628F502E1081E900E77CF2 /* MultiSelection.swift in Sources */ = {isa = PBXBuildFile; fileRef = 1C628F4E2E1081E900E77CF2 /* MultiSelection.swift */; };
		1C628F522E1081E900E77CF2 /* TabExample.swift in Sources */ = {isa = PBXBuildFile; fileRef = 1C628F4F2E1081E900E77CF2 /* TabExample.swift */; };
		1C628F562E1081F800E77CF2 /* ResultExample.swift in Sources */ = {isa = PBXBuildFile; fileRef = 1C628F552E1081F800E77CF2 /* ResultExample.swift */; };
		1C628F582E10888300E77CF2 /* ImageInterpolation.swift in Sources */ = {isa = PBXBuildFile; fileRef = 1C628F572E10888300E77CF2 /* ImageInterpolation.swift */; };
		1C628F5A2E1089A500E77CF2 /* ContextMenus.swift in Sources */ = {isa = PBXBuildFile; fileRef = 1C628F592E1089A500E77CF2 /* ContextMenus.swift */; };
		1C628F5C2E108CA100E77CF2 /* SwipeActionsSample.swift in Sources */ = {isa = PBXBuildFile; fileRef = 1C628F5B2E108CA100E77CF2 /* SwipeActionsSample.swift */; };
		1C628F5E2E10955900E77CF2 /* NotificationsSample.swift in Sources */ = {isa = PBXBuildFile; fileRef = 1C628F5D2E10955900E77CF2 /* NotificationsSample.swift */; };
		1C628F612E10997900E77CF2 /* SamplePackage in Frameworks */ = {isa = PBXBuildFile; productRef = 1C628F602E10997900E77CF2 /* SamplePackage */; };
		1C628F632E109A1100E77CF2 /* PackagesSample.swift in Sources */ = {isa = PBXBuildFile; fileRef = 1C628F622E109A1100E77CF2 /* PackagesSample.swift */; };
		1CEF96DD2E110A6F000D5851 /* CodeScanner in Frameworks */ = {isa = PBXBuildFile; productRef = 1CEF96DC2E110A6F000D5851 /* CodeScanner */; };
/* End PBXBuildFile section */

/* Begin PBXFileReference section */
		1C4846E32E0FE26900C44275 /* HotProspects.app */ = {isa = PBXFileReference; explicitFileType = wrapper.application; includeInIndex = 0; path = HotProspects.app; sourceTree = BUILT_PRODUCTS_DIR; };
		1C628F4E2E1081E900E77CF2 /* MultiSelection.swift */ = {isa = PBXFileReference; lastKnownFileType = sourcecode.swift; path = MultiSelection.swift; sourceTree = "<group>"; };
		1C628F4F2E1081E900E77CF2 /* TabExample.swift */ = {isa = PBXFileReference; lastKnownFileType = sourcecode.swift; path = TabExample.swift; sourceTree = "<group>"; };
		1C628F552E1081F800E77CF2 /* ResultExample.swift */ = {isa = PBXFileReference; lastKnownFileType = sourcecode.swift; path = ResultExample.swift; sourceTree = "<group>"; };
		1C628F572E10888300E77CF2 /* ImageInterpolation.swift */ = {isa = PBXFileReference; lastKnownFileType = sourcecode.swift; path = ImageInterpolation.swift; sourceTree = "<group>"; };
		1C628F592E1089A500E77CF2 /* ContextMenus.swift */ = {isa = PBXFileReference; lastKnownFileType = sourcecode.swift; path = ContextMenus.swift; sourceTree = "<group>"; };
		1C628F5B2E108CA100E77CF2 /* SwipeActionsSample.swift */ = {isa = PBXFileReference; lastKnownFileType = sourcecode.swift; path = SwipeActionsSample.swift; sourceTree = "<group>"; };
		1C628F5D2E10955900E77CF2 /* NotificationsSample.swift */ = {isa = PBXFileReference; lastKnownFileType = sourcecode.swift; path = NotificationsSample.swift; sourceTree = "<group>"; };
		1C628F622E109A1100E77CF2 /* PackagesSample.swift */ = {isa = PBXFileReference; lastKnownFileType = sourcecode.swift; path = PackagesSample.swift; sourceTree = "<group>"; };
/* End PBXFileReference section */

/* Begin PBXFileSystemSynchronizedRootGroup section */
		1C4846E52E0FE26900C44275 /* HotProspects */ = {
			isa = PBXFileSystemSynchronizedRootGroup;
			path = HotProspects;
			sourceTree = "<group>";
		};
/* End PBXFileSystemSynchronizedRootGroup section */

/* Begin PBXFrameworksBuildPhase section */
		1C4846E02E0FE26900C44275 /* Frameworks */ = {
			isa = PBXFrameworksBuildPhase;
			buildActionMask = 2147483647;
			files = (
				1CEF96DD2E110A6F000D5851 /* CodeScanner in Frameworks */,
				1C628F612E10997900E77CF2 /* SamplePackage in Frameworks */,
			);
			runOnlyForDeploymentPostprocessing = 0;
		};
/* End PBXFrameworksBuildPhase section */

/* Begin PBXGroup section */
		1C4846DA2E0FE26900C44275 = {
			isa = PBXGroup;
			children = (
				1C628F622E109A1100E77CF2 /* PackagesSample.swift */,
				1C628F5D2E10955900E77CF2 /* NotificationsSample.swift */,
				1C628F5B2E108CA100E77CF2 /* SwipeActionsSample.swift */,
				1C628F592E1089A500E77CF2 /* ContextMenus.swift */,
				1C628F572E10888300E77CF2 /* ImageInterpolation.swift */,
				1C628F4F2E1081E900E77CF2 /* TabExample.swift */,
				1C628F4E2E1081E900E77CF2 /* MultiSelection.swift */,
				1C628F552E1081F800E77CF2 /* ResultExample.swift */,
				1C4846E52E0FE26900C44275 /* HotProspects */,
				1C4846E42E0FE26900C44275 /* Products */,
			);
			sourceTree = "<group>";
		};
		1C4846E42E0FE26900C44275 /* Products */ = {
			isa = PBXGroup;
			children = (
				1C4846E32E0FE26900C44275 /* HotProspects.app */,
			);
			name = Products;
			sourceTree = "<group>";
		};
/* End PBXGroup section */

/* Begin PBXNativeTarget section */
		1C4846E22E0FE26900C44275 /* HotProspects */ = {
			isa = PBXNativeTarget;
			buildConfigurationList = 1C4846EE2E0FE26A00C44275 /* Build configuration list for PBXNativeTarget "HotProspects" */;
			buildPhases = (
				1C4846DF2E0FE26900C44275 /* Sources */,
				1C4846E02E0FE26900C44275 /* Frameworks */,
				1C4846E12E0FE26900C44275 /* Resources */,
			);
			buildRules = (
			);
			dependencies = (
			);
			fileSystemSynchronizedGroups = (
				1C4846E52E0FE26900C44275 /* HotProspects */,
			);
			name = HotProspects;
			packageProductDependencies = (
				1C628F602E10997900E77CF2 /* SamplePackage */,
				1CEF96DC2E110A6F000D5851 /* CodeScanner */,
			);
			productName = HotProspects;
			productReference = 1C4846E32E0FE26900C44275 /* HotProspects.app */;
			productType = "com.apple.product-type.application";
		};
/* End PBXNativeTarget section */

/* Begin PBXProject section */
		1C4846DB2E0FE26900C44275 /* Project object */ = {
			isa = PBXProject;
			attributes = {
				BuildIndependentTargetsInParallel = 1;
				LastSwiftUpdateCheck = 1640;
				LastUpgradeCheck = 1640;
				TargetAttributes = {
					1C4846E22E0FE26900C44275 = {
						CreatedOnToolsVersion = 16.4;
					};
				};
			};
			buildConfigurationList = 1C4846DE2E0FE26900C44275 /* Build configuration list for PBXProject "HotProspects" */;
			developmentRegion = en;
			hasScannedForEncodings = 0;
			knownRegions = (
				en,
				Base,
			);
			mainGroup = 1C4846DA2E0FE26900C44275;
			minimizedProjectReferenceProxies = 1;
			packageReferences = (
				1C628F5F2E10997800E77CF2 /* XCRemoteSwiftPackageReference "SamplePackage" */,
				1CEF96DB2E110A6F000D5851 /* XCRemoteSwiftPackageReference "CodeScanner" */,
			);
			preferredProjectObjectVersion = 77;
			productRefGroup = 1C4846E42E0FE26900C44275 /* Products */;
			projectDirPath = "";
			projectRoot = "";
			targets = (
				1C4846E22E0FE26900C44275 /* HotProspects */,
			);
		};
/* End PBXProject section */

/* Begin PBXResourcesBuildPhase section */
		1C4846E12E0FE26900C44275 /* Resources */ = {
			isa = PBXResourcesBuildPhase;
			buildActionMask = 2147483647;
			files = (
			);
			runOnlyForDeploymentPostprocessing = 0;
		};
/* End PBXResourcesBuildPhase section */

/* Begin PBXSourcesBuildPhase section */
		1C4846DF2E0FE26900C44275 /* Sources */ = {
			isa = PBXSourcesBuildPhase;
			buildActionMask = 2147483647;
			files = (
				1C628F502E1081E900E77CF2 /* MultiSelection.swift in Sources */,
				1C628F5A2E1089A500E77CF2 /* ContextMenus.swift in Sources */,
				1C628F582E10888300E77CF2 /* ImageInterpolation.swift in Sources */,
				1C628F632E109A1100E77CF2 /* PackagesSample.swift in Sources */,
				1C628F522E1081E900E77CF2 /* TabExample.swift in Sources */,
				1C628F562E1081F800E77CF2 /* ResultExample.swift in Sources */,
				1C628F5E2E10955900E77CF2 /* NotificationsSample.swift in Sources */,
				1C628F5C2E108CA100E77CF2 /* SwipeActionsSample.swift in Sources */,
			);
			runOnlyForDeploymentPostprocessing = 0;
		};
/* End PBXSourcesBuildPhase section */

/* Begin XCBuildConfiguration section */
		1C4846EC2E0FE26A00C44275 /* Debug */ = {
			isa = XCBuildConfiguration;
			buildSettings = {
				ALWAYS_SEARCH_USER_PATHS = NO;
				ASSETCATALOG_COMPILER_GENERATE_SWIFT_ASSET_SYMBOL_EXTENSIONS = YES;
				CLANG_ANALYZER_NONNULL = YES;
				CLANG_ANALYZER_NUMBER_OBJECT_CONVERSION = YES_AGGRESSIVE;
				CLANG_CXX_LANGUAGE_STANDARD = "gnu++20";
				CLANG_ENABLE_MODULES = YES;
				CLANG_ENABLE_OBJC_ARC = YES;
				CLANG_ENABLE_OBJC_WEAK = YES;
				CLANG_WARN_BLOCK_CAPTURE_AUTORELEASING = YES;
				CLANG_WARN_BOOL_CONVERSION = YES;
				CLANG_WARN_COMMA = YES;
				CLANG_WARN_CONSTANT_CONVERSION = YES;
				CLANG_WARN_DEPRECATED_OBJC_IMPLEMENTATIONS = YES;
				CLANG_WARN_DIRECT_OBJC_ISA_USAGE = YES_ERROR;
				CLANG_WARN_DOCUMENTATION_COMMENTS = YES;
				CLANG_WARN_EMPTY_BODY = YES;
				CLANG_WARN_ENUM_CONVERSION = YES;
				CLANG_WARN_INFINITE_RECURSION = YES;
				CLANG_WARN_INT_CONVERSION = YES;
				CLANG_WARN_NON_LITERAL_NULL_CONVERSION = YES;
				CLANG_WARN_OBJC_IMPLICIT_RETAIN_SELF = YES;
				CLANG_WARN_OBJC_LITERAL_CONVERSION = YES;
				CLANG_WARN_OBJC_ROOT_CLASS = YES_ERROR;
				CLANG_WARN_QUOTED_INCLUDE_IN_FRAMEWORK_HEADER = YES;
				CLANG_WARN_RANGE_LOOP_ANALYSIS = YES;
				CLANG_WARN_STRICT_PROTOTYPES = YES;
				CLANG_WARN_SUSPICIOUS_MOVE = YES;
				CLANG_WARN_UNGUARDED_AVAILABILITY = YES_AGGRESSIVE;
				CLANG_WARN_UNREACHABLE_CODE = YES;
				CLANG_WARN__DUPLICATE_METHOD_MATCH = YES;
				COPY_PHASE_STRIP = NO;
				DEBUG_INFORMATION_FORMAT = dwarf;
				ENABLE_STRICT_OBJC_MSGSEND = YES;
				ENABLE_TESTABILITY = YES;
				ENABLE_USER_SCRIPT_SANDBOXING = YES;
				GCC_C_LANGUAGE_STANDARD = gnu17;
				GCC_DYNAMIC_NO_PIC = NO;
				GCC_NO_COMMON_BLOCKS = YES;
				GCC_OPTIMIZATION_LEVEL = 0;
				GCC_PREPROCESSOR_DEFINITIONS = (
					"DEBUG=1",
					"$(inherited)",
				);
				GCC_WARN_64_TO_32_BIT_CONVERSION = YES;
				GCC_WARN_ABOUT_RETURN_TYPE = YES_ERROR;
				GCC_WARN_UNDECLARED_SELECTOR = YES;
				GCC_WARN_UNINITIALIZED_AUTOS = YES_AGGRESSIVE;
				GCC_WARN_UNUSED_FUNCTION = YES;
				GCC_WARN_UNUSED_VARIABLE = YES;
				IPHONEOS_DEPLOYMENT_TARGET = 18.5;
				LOCALIZATION_PREFERS_STRING_CATALOGS = YES;
				MTL_ENABLE_DEBUG_INFO = INCLUDE_SOURCE;
				MTL_FAST_MATH = YES;
				ONLY_ACTIVE_ARCH = YES;
				SDKROOT = iphoneos;
				SWIFT_ACTIVE_COMPILATION_CONDITIONS = "DEBUG $(inherited)";
				SWIFT_OPTIMIZATION_LEVEL = "-Onone";
			};
			name = Debug;
		};
		1C4846ED2E0FE26A00C44275 /* Release */ = {
			isa = XCBuildConfiguration;
			buildSettings = {
				ALWAYS_SEARCH_USER_PATHS = NO;
				ASSETCATALOG_COMPILER_GENERATE_SWIFT_ASSET_SYMBOL_EXTENSIONS = YES;
				CLANG_ANALYZER_NONNULL = YES;
				CLANG_ANALYZER_NUMBER_OBJECT_CONVERSION = YES_AGGRESSIVE;
				CLANG_CXX_LANGUAGE_STANDARD = "gnu++20";
				CLANG_ENABLE_MODULES = YES;
				CLANG_ENABLE_OBJC_ARC = YES;
				CLANG_ENABLE_OBJC_WEAK = YES;
				CLANG_WARN_BLOCK_CAPTURE_AUTORELEASING = YES;
				CLANG_WARN_BOOL_CONVERSION = YES;
				CLANG_WARN_COMMA = YES;
				CLANG_WARN_CONSTANT_CONVERSION = YES;
				CLANG_WARN_DEPRECATED_OBJC_IMPLEMENTATIONS = YES;
				CLANG_WARN_DIRECT_OBJC_ISA_USAGE = YES_ERROR;
				CLANG_WARN_DOCUMENTATION_COMMENTS = YES;
				CLANG_WARN_EMPTY_BODY = YES;
				CLANG_WARN_ENUM_CONVERSION = YES;
				CLANG_WARN_INFINITE_RECURSION = YES;
				CLANG_WARN_INT_CONVERSION = YES;
				CLANG_WARN_NON_LITERAL_NULL_CONVERSION = YES;
				CLANG_WARN_OBJC_IMPLICIT_RETAIN_SELF = YES;
				CLANG_WARN_OBJC_LITERAL_CONVERSION = YES;
				CLANG_WARN_OBJC_ROOT_CLASS = YES_ERROR;
				CLANG_WARN_QUOTED_INCLUDE_IN_FRAMEWORK_HEADER = YES;
				CLANG_WARN_RANGE_LOOP_ANALYSIS = YES;
				CLANG_WARN_STRICT_PROTOTYPES = YES;
				CLANG_WARN_SUSPICIOUS_MOVE = YES;
				CLANG_WARN_UNGUARDED_AVAILABILITY = YES_AGGRESSIVE;
				CLANG_WARN_UNREACHABLE_CODE = YES;
				CLANG_WARN__DUPLICATE_METHOD_MATCH = YES;
				COPY_PHASE_STRIP = NO;
				DEBUG_INFORMATION_FORMAT = "dwarf-with-dsym";
				ENABLE_NS_ASSERTIONS = NO;
				ENABLE_STRICT_OBJC_MSGSEND = YES;
				ENABLE_USER_SCRIPT_SANDBOXING = YES;
				GCC_C_LANGUAGE_STANDARD = gnu17;
				GCC_NO_COMMON_BLOCKS = YES;
				GCC_WARN_64_TO_32_BIT_CONVERSION = YES;
				GCC_WARN_ABOUT_RETURN_TYPE = YES_ERROR;
				GCC_WARN_UNDECLARED_SELECTOR = YES;
				GCC_WARN_UNINITIALIZED_AUTOS = YES_AGGRESSIVE;
				GCC_WARN_UNUSED_FUNCTION = YES;
				GCC_WARN_UNUSED_VARIABLE = YES;
				IPHONEOS_DEPLOYMENT_TARGET = 18.5;
				LOCALIZATION_PREFERS_STRING_CATALOGS = YES;
				MTL_ENABLE_DEBUG_INFO = NO;
				MTL_FAST_MATH = YES;
				SDKROOT = iphoneos;
				SWIFT_COMPILATION_MODE = wholemodule;
				VALIDATE_PRODUCT = YES;
			};
			name = Release;
		};
		1C4846EF2E0FE26A00C44275 /* Debug */ = {
			isa = XCBuildConfiguration;
			buildSettings = {
				ASSETCATALOG_COMPILER_APPICON_NAME = AppIcon;
				ASSETCATALOG_COMPILER_GLOBAL_ACCENT_COLOR_NAME = AccentColor;
				CODE_SIGN_STYLE = Automatic;
				CURRENT_PROJECT_VERSION = 1;
				ENABLE_PREVIEWS = YES;
				GENERATE_INFOPLIST_FILE = YES;
				INFOPLIST_KEY_NSCameraUsageDescription = "We need to scan QA code";
				INFOPLIST_KEY_NSPhotoLibraryUsageDescription = "We want to save your QR code.";
				INFOPLIST_KEY_UIApplicationSceneManifest_Generation = YES;
				INFOPLIST_KEY_UIApplicationSupportsIndirectInputEvents = YES;
				INFOPLIST_KEY_UILaunchScreen_Generation = YES;
				INFOPLIST_KEY_UISupportedInterfaceOrientations_iPad = "UIInterfaceOrientationPortrait UIInterfaceOrientationPortraitUpsideDown UIInterfaceOrientationLandscapeLeft UIInterfaceOrientationLandscapeRight";
				INFOPLIST_KEY_UISupportedInterfaceOrientations_iPhone = "UIInterfaceOrientationPortrait UIInterfaceOrientationLandscapeLeft UIInterfaceOrientationLandscapeRight";
				LD_RUNPATH_SEARCH_PATHS = (
					"$(inherited)",
					"@executable_path/Frameworks",
				);
				MARKETING_VERSION = 1.0;
				PRODUCT_BUNDLE_IDENTIFIER = com.binoooh.HotProspects;
				PRODUCT_NAME = "$(TARGET_NAME)";
				SWIFT_EMIT_LOC_STRINGS = YES;
				SWIFT_VERSION = 5.0;
				TARGETED_DEVICE_FAMILY = "1,2";
			};
			name = Debug;
		};
		1C4846F02E0FE26A00C44275 /* Release */ = {
			isa = XCBuildConfiguration;
			buildSettings = {
				ASSETCATALOG_COMPILER_APPICON_NAME = AppIcon;
				ASSETCATALOG_COMPILER_GLOBAL_ACCENT_COLOR_NAME = AccentColor;
				CODE_SIGN_STYLE = Automatic;
				CURRENT_PROJECT_VERSION = 1;
				ENABLE_PREVIEWS = YES;
				GENERATE_INFOPLIST_FILE = YES;
				INFOPLIST_KEY_NSCameraUsageDescription = "We need to scan QA code";
				INFOPLIST_KEY_NSPhotoLibraryUsageDescription = "We want to save your QR code.";
				INFOPLIST_KEY_UIApplicationSceneManifest_Generation = YES;
				INFOPLIST_KEY_UIApplicationSupportsIndirectInputEvents = YES;
				INFOPLIST_KEY_UILaunchScreen_Generation = YES;
				INFOPLIST_KEY_UISupportedInterfaceOrientations_iPad = "UIInterfaceOrientationPortrait UIInterfaceOrientationPortraitUpsideDown UIInterfaceOrientationLandscapeLeft UIInterfaceOrientationLandscapeRight";
				INFOPLIST_KEY_UISupportedInterfaceOrientations_iPhone = "UIInterfaceOrientationPortrait UIInterfaceOrientationLandscapeLeft UIInterfaceOrientationLandscapeRight";
				LD_RUNPATH_SEARCH_PATHS = (
					"$(inherited)",
					"@executable_path/Frameworks",
				);
				MARKETING_VERSION = 1.0;
				PRODUCT_BUNDLE_IDENTIFIER = com.binoooh.HotProspects;
				PRODUCT_NAME = "$(TARGET_NAME)";
				SWIFT_EMIT_LOC_STRINGS = YES;
				SWIFT_VERSION = 5.0;
				TARGETED_DEVICE_FAMILY = "1,2";
			};
			name = Release;
		};
/* End XCBuildConfiguration section */

/* Begin XCConfigurationList section */
		1C4846DE2E0FE26900C44275 /* Build configuration list for PBXProject "HotProspects" */ = {
			isa = XCConfigurationList;
			buildConfigurations = (
				1C4846EC2E0FE26A00C44275 /* Debug */,
				1C4846ED2E0FE26A00C44275 /* Release */,
			);
			defaultConfigurationIsVisible = 0;
			defaultConfigurationName = Release;
		};
		1C4846EE2E0FE26A00C44275 /* Build configuration list for PBXNativeTarget "HotProspects" */ = {
			isa = XCConfigurationList;
			buildConfigurations = (
				1C4846EF2E0FE26A00C44275 /* Debug */,
				1C4846F02E0FE26A00C44275 /* Release */,
			);
			defaultConfigurationIsVisible = 0;
			defaultConfigurationName = Release;
		};
/* End XCConfigurationList section */

/* Begin XCRemoteSwiftPackageReference section */
		1C628F5F2E10997800E77CF2 /* XCRemoteSwiftPackageReference "SamplePackage" */ = {
			isa = XCRemoteSwiftPackageReference;
			repositoryURL = "https://github.com/twostraws/SamplePackage.git";
			requirement = {
				kind = upToNextMajorVersion;
				minimumVersion = 1.0.0;
			};
		};
		1CEF96DB2E110A6F000D5851 /* XCRemoteSwiftPackageReference "CodeScanner" */ = {
			isa = XCRemoteSwiftPackageReference;
			repositoryURL = "https://github.com/twostraws/CodeScanner";
			requirement = {
				kind = upToNextMajorVersion;
				minimumVersion = 2.5.2;
			};
		};
/* End XCRemoteSwiftPackageReference section */

/* Begin XCSwiftPackageProductDependency section */
		1C628F602E10997900E77CF2 /* SamplePackage */ = {
			isa = XCSwiftPackageProductDependency;
			package = 1C628F5F2E10997800E77CF2 /* XCRemoteSwiftPackageReference "SamplePackage" */;
			productName = SamplePackage;
		};
		1CEF96DC2E110A6F000D5851 /* CodeScanner */ = {
			isa = XCSwiftPackageProductDependency;
			package = 1CEF96DB2E110A6F000D5851 /* XCRemoteSwiftPackageReference "CodeScanner" */;
			productName = CodeScanner;
		};
/* End XCSwiftPackageProductDependency section */
	};
	rootObject = 1C4846DB2E0FE26900C44275 /* Project object */;
}
